// !$*UTF8*$!
{
	archiveVersion = 1;
	classes = {
	};
	objectVersion = 50;
	objects = {

/* Begin PBXBuildFile section */
		0CA733D9BAA361D996F301B7 /* libPods-HaloStats.a in Frameworks */ = {isa = PBXBuildFile; fileRef = 72B90C080C94612330DB6314 /* libPods-HaloStats.a */; };
		BA2E6A2B247EAEA600C693CD /* SummaryViewController.swift in Sources */ = {isa = PBXBuildFile; fileRef = BA2E6A2A247EAEA600C693CD /* SummaryViewController.swift */; };
		BA8F51AF246F4BA300B91D59 /* GoogleService-Info.plist in Resources */ = {isa = PBXBuildFile; fileRef = BA8F51AE246F4BA300B91D59 /* GoogleService-Info.plist */; };
		BA8F51B1247053E900B91D59 /* StatsViewController.swift in Sources */ = {isa = PBXBuildFile; fileRef = BA8F51B0247053E900B91D59 /* StatsViewController.swift */; };
		BAA7A4F92469C86A00DAA463 /* AppDelegate.swift in Sources */ = {isa = PBXBuildFile; fileRef = BAA7A4F82469C86A00DAA463 /* AppDelegate.swift */; };
		BAA7A4FB2469C86A00DAA463 /* SceneDelegate.swift in Sources */ = {isa = PBXBuildFile; fileRef = BAA7A4FA2469C86A00DAA463 /* SceneDelegate.swift */; };
		BAA7A4FD2469C86A00DAA463 /* OpenScreenViewController.swift in Sources */ = {isa = PBXBuildFile; fileRef = BAA7A4FC2469C86A00DAA463 /* OpenScreenViewController.swift */; };
		BAA7A5002469C86A00DAA463 /* Main.storyboard in Resources */ = {isa = PBXBuildFile; fileRef = BAA7A4FE2469C86A00DAA463 /* Main.storyboard */; };
		BAA7A5022469C86A00DAA463 /* Assets.xcassets in Resources */ = {isa = PBXBuildFile; fileRef = BAA7A5012469C86A00DAA463 /* Assets.xcassets */; };
		BAA7A5052469C86A00DAA463 /* LaunchScreen.storyboard in Resources */ = {isa = PBXBuildFile; fileRef = BAA7A5032469C86A00DAA463 /* LaunchScreen.storyboard */; };
		BAA7A50D2469CEB100DAA463 /* GamesListViewController.swift in Sources */ = {isa = PBXBuildFile; fileRef = BAA7A50C2469CEB100DAA463 /* GamesListViewController.swift */; };
		BAA7A5132469E22200DAA463 /* Game.swift in Sources */ = {isa = PBXBuildFile; fileRef = BAA7A5122469E22200DAA463 /* Game.swift */; };
		BAB13225246F3FB1008F0252 /* User.swift in Sources */ = {isa = PBXBuildFile; fileRef = BAB13224246F3FB1008F0252 /* User.swift */; };
/* End PBXBuildFile section */

/* Begin PBXFileReference section */
		60EE6780BC0F3101E29A4A59 /* Pods-HaloStats.debug.xcconfig */ = {isa = PBXFileReference; includeInIndex = 1; lastKnownFileType = text.xcconfig; name = "Pods-HaloStats.debug.xcconfig"; path = "Target Support Files/Pods-HaloStats/Pods-HaloStats.debug.xcconfig"; sourceTree = "<group>"; };
		72B90C080C94612330DB6314 /* libPods-HaloStats.a */ = {isa = PBXFileReference; explicitFileType = archive.ar; includeInIndex = 0; path = "libPods-HaloStats.a"; sourceTree = BUILT_PRODUCTS_DIR; };
		AB9BDBE43E2B56003D9B1623 /* Pods-HaloStats.release.xcconfig */ = {isa = PBXFileReference; includeInIndex = 1; lastKnownFileType = text.xcconfig; name = "Pods-HaloStats.release.xcconfig"; path = "Target Support Files/Pods-HaloStats/Pods-HaloStats.release.xcconfig"; sourceTree = "<group>"; };
		BA2E6A2A247EAEA600C693CD /* SummaryViewController.swift */ = {isa = PBXFileReference; lastKnownFileType = sourcecode.swift; path = SummaryViewController.swift; sourceTree = "<group>"; };
		BA8F51AE246F4BA300B91D59 /* GoogleService-Info.plist */ = {isa = PBXFileReference; fileEncoding = 4; lastKnownFileType = text.plist.xml; path = "GoogleService-Info.plist"; sourceTree = "<group>"; };
		BA8F51B0247053E900B91D59 /* StatsViewController.swift */ = {isa = PBXFileReference; lastKnownFileType = sourcecode.swift; path = StatsViewController.swift; sourceTree = "<group>"; };
		BAA7A4F52469C86A00DAA463 /* HaloStats.app */ = {isa = PBXFileReference; explicitFileType = wrapper.application; includeInIndex = 0; path = HaloStats.app; sourceTree = BUILT_PRODUCTS_DIR; };
		BAA7A4F82469C86A00DAA463 /* AppDelegate.swift */ = {isa = PBXFileReference; lastKnownFileType = sourcecode.swift; path = AppDelegate.swift; sourceTree = "<group>"; };
		BAA7A4FA2469C86A00DAA463 /* SceneDelegate.swift */ = {isa = PBXFileReference; lastKnownFileType = sourcecode.swift; path = SceneDelegate.swift; sourceTree = "<group>"; };
		BAA7A4FC2469C86A00DAA463 /* OpenScreenViewController.swift */ = {isa = PBXFileReference; lastKnownFileType = sourcecode.swift; path = OpenScreenViewController.swift; sourceTree = "<group>"; };
		BAA7A4FF2469C86A00DAA463 /* Base */ = {isa = PBXFileReference; lastKnownFileType = file.storyboard; name = Base; path = Base.lproj/Main.storyboard; sourceTree = "<group>"; };
		BAA7A5012469C86A00DAA463 /* Assets.xcassets */ = {isa = PBXFileReference; lastKnownFileType = folder.assetcatalog; path = Assets.xcassets; sourceTree = "<group>"; };
		BAA7A5042469C86A00DAA463 /* Base */ = {isa = PBXFileReference; lastKnownFileType = file.storyboard; name = Base; path = Base.lproj/LaunchScreen.storyboard; sourceTree = "<group>"; };
		BAA7A5062469C86A00DAA463 /* Info.plist */ = {isa = PBXFileReference; lastKnownFileType = text.plist.xml; path = Info.plist; sourceTree = "<group>"; };
		BAA7A50C2469CEB100DAA463 /* GamesListViewController.swift */ = {isa = PBXFileReference; lastKnownFileType = sourcecode.swift; path = GamesListViewController.swift; sourceTree = "<group>"; };
		BAA7A5122469E22200DAA463 /* Game.swift */ = {isa = PBXFileReference; lastKnownFileType = sourcecode.swift; path = Game.swift; sourceTree = "<group>"; };
		BAB13224246F3FB1008F0252 /* User.swift */ = {isa = PBXFileReference; lastKnownFileType = sourcecode.swift; path = User.swift; sourceTree = "<group>"; };
		BAB13226246F450E008F0252 /* HaloStats.entitlements */ = {isa = PBXFileReference; lastKnownFileType = text.plist.entitlements; path = HaloStats.entitlements; sourceTree = "<group>"; };
/* End PBXFileReference section */

/* Begin PBXFrameworksBuildPhase section */
		BAA7A4F22469C86900DAA463 /* Frameworks */ = {
			isa = PBXFrameworksBuildPhase;
			buildActionMask = 2147483647;
			files = (
				0CA733D9BAA361D996F301B7 /* libPods-HaloStats.a in Frameworks */,
			);
			runOnlyForDeploymentPostprocessing = 0;
		};
/* End PBXFrameworksBuildPhase section */

/* Begin PBXGroup section */
		054DADD61552BD97C67437D0 /* Pods */ = {
			isa = PBXGroup;
			children = (
				60EE6780BC0F3101E29A4A59 /* Pods-HaloStats.debug.xcconfig */,
				AB9BDBE43E2B56003D9B1623 /* Pods-HaloStats.release.xcconfig */,
			);
			path = Pods;
			sourceTree = "<group>";
		};
		B114B2BDA831909CC42CFE6E /* Frameworks */ = {
			isa = PBXGroup;
			children = (
				72B90C080C94612330DB6314 /* libPods-HaloStats.a */,
			);
			name = Frameworks;
			sourceTree = "<group>";
		};
		BAA7A4EC2469C86900DAA463 = {
			isa = PBXGroup;
			children = (
				BAA7A4F72469C86A00DAA463 /* HaloStats */,
				BAA7A4F62469C86A00DAA463 /* Products */,
				054DADD61552BD97C67437D0 /* Pods */,
				B114B2BDA831909CC42CFE6E /* Frameworks */,
			);
			sourceTree = "<group>";
		};
		BAA7A4F62469C86A00DAA463 /* Products */ = {
			isa = PBXGroup;
			children = (
				BAA7A4F52469C86A00DAA463 /* HaloStats.app */,
			);
			name = Products;
			sourceTree = "<group>";
		};
		BAA7A4F72469C86A00DAA463 /* HaloStats */ = {
			isa = PBXGroup;
			children = (
				BAB13226246F450E008F0252 /* HaloStats.entitlements */,
				BAB56497246F3822000228AC /* Models */,
				BAB56496246F3811000228AC /* Controllers */,
				BAA7A4F82469C86A00DAA463 /* AppDelegate.swift */,
				BA8F51AE246F4BA300B91D59 /* GoogleService-Info.plist */,
				BAA7A4FA2469C86A00DAA463 /* SceneDelegate.swift */,
				BAA7A4FE2469C86A00DAA463 /* Main.storyboard */,
				BAA7A5012469C86A00DAA463 /* Assets.xcassets */,
				BAA7A5032469C86A00DAA463 /* LaunchScreen.storyboard */,
				BAA7A5062469C86A00DAA463 /* Info.plist */,
			);
			path = HaloStats;
			sourceTree = "<group>";
		};
		BAB56496246F3811000228AC /* Controllers */ = {
			isa = PBXGroup;
			children = (
				BAA7A4FC2469C86A00DAA463 /* OpenScreenViewController.swift */,
				BAA7A50C2469CEB100DAA463 /* GamesListViewController.swift */,
				BA8F51B0247053E900B91D59 /* StatsViewController.swift */,
				BA2E6A2A247EAEA600C693CD /* SummaryViewController.swift */,
			);
			path = Controllers;
			sourceTree = "<group>";
		};
		BAB56497246F3822000228AC /* Models */ = {
			isa = PBXGroup;
			children = (
				BAA7A5122469E22200DAA463 /* Game.swift */,
				BAB13224246F3FB1008F0252 /* User.swift */,
			);
			path = Models;
			sourceTree = "<group>";
		};
/* End PBXGroup section */

/* Begin PBXNativeTarget section */
		BAA7A4F42469C86900DAA463 /* HaloStats */ = {
			isa = PBXNativeTarget;
			buildConfigurationList = BAA7A5092469C86A00DAA463 /* Build configuration list for PBXNativeTarget "HaloStats" */;
			buildPhases = (
				A9FA4C74C622A1E13D8232FA /* [CP] Check Pods Manifest.lock */,
				BAA7A4F12469C86900DAA463 /* Sources */,
				BAA7A4F22469C86900DAA463 /* Frameworks */,
				BAA7A4F32469C86900DAA463 /* Resources */,
			);
			buildRules = (
			);
			dependencies = (
			);
			name = HaloStats;
			productName = HaloStats;
			productReference = BAA7A4F52469C86A00DAA463 /* HaloStats.app */;
			productType = "com.apple.product-type.application";
		};
/* End PBXNativeTarget section */

/* Begin PBXProject section */
		BAA7A4ED2469C86900DAA463 /* Project object */ = {
			isa = PBXProject;
			attributes = {
				LastSwiftUpdateCheck = 1130;
				LastUpgradeCheck = 1130;
				ORGANIZATIONNAME = CS50;
				TargetAttributes = {
					BAA7A4F42469C86900DAA463 = {
						CreatedOnToolsVersion = 11.3.1;
					};
				};
			};
			buildConfigurationList = BAA7A4F02469C86900DAA463 /* Build configuration list for PBXProject "HaloStats" */;
			compatibilityVersion = "Xcode 9.3";
			developmentRegion = en;
			hasScannedForEncodings = 0;
			knownRegions = (
				en,
				Base,
			);
			mainGroup = BAA7A4EC2469C86900DAA463;
			productRefGroup = BAA7A4F62469C86A00DAA463 /* Products */;
			projectDirPath = "";
			projectRoot = "";
			targets = (
				BAA7A4F42469C86900DAA463 /* HaloStats */,
			);
		};
/* End PBXProject section */

/* Begin PBXResourcesBuildPhase section */
		BAA7A4F32469C86900DAA463 /* Resources */ = {
			isa = PBXResourcesBuildPhase;
			buildActionMask = 2147483647;
			files = (
				BAA7A5052469C86A00DAA463 /* LaunchScreen.storyboard in Resources */,
				BA8F51AF246F4BA300B91D59 /* GoogleService-Info.plist in Resources */,
				BAA7A5022469C86A00DAA463 /* Assets.xcassets in Resources */,
				BAA7A5002469C86A00DAA463 /* Main.storyboard in Resources */,
			);
			runOnlyForDeploymentPostprocessing = 0;
		};
/* End PBXResourcesBuildPhase section */

/* Begin PBXShellScriptBuildPhase section */
		A9FA4C74C622A1E13D8232FA /* [CP] Check Pods Manifest.lock */ = {
			isa = PBXShellScriptBuildPhase;
			buildActionMask = 2147483647;
			files = (
			);
			inputFileListPaths = (
			);
			inputPaths = (
				"${PODS_PODFILE_DIR_PATH}/Podfile.lock",
				"${PODS_ROOT}/Manifest.lock",
			);
			name = "[CP] Check Pods Manifest.lock";
			outputFileListPaths = (
			);
			outputPaths = (
				"$(DERIVED_FILE_DIR)/Pods-HaloStats-checkManifestLockResult.txt",
			);
			runOnlyForDeploymentPostprocessing = 0;
			shellPath = /bin/sh;
			shellScript = "diff \"${PODS_PODFILE_DIR_PATH}/Podfile.lock\" \"${PODS_ROOT}/Manifest.lock\" > /dev/null\nif [ $? != 0 ] ; then\n    # print error to STDERR\n    echo \"error: The sandbox is not in sync with the Podfile.lock. Run 'pod install' or update your CocoaPods installation.\" >&2\n    exit 1\nfi\n# This output is used by Xcode 'outputs' to avoid re-running this script phase.\necho \"SUCCESS\" > \"${SCRIPT_OUTPUT_FILE_0}\"\n";
			showEnvVarsInLog = 0;
		};
/* End PBXShellScriptBuildPhase section */

/* Begin PBXSourcesBuildPhase section */
		BAA7A4F12469C86900DAA463 /* Sources */ = {
			isa = PBXSourcesBuildPhase;
			buildActionMask = 2147483647;
			files = (
				BAA7A50D2469CEB100DAA463 /* GamesListViewController.swift in Sources */,
				BAA7A4FD2469C86A00DAA463 /* OpenScreenViewController.swift in Sources */,
				BAA7A5132469E22200DAA463 /* Game.swift in Sources */,
				BA2E6A2B247EAEA600C693CD /* SummaryViewController.swift in Sources */,
				BAA7A4F92469C86A00DAA463 /* AppDelegate.swift in Sources */,
				BA8F51B1247053E900B91D59 /* StatsViewController.swift in Sources */,
				BAB13225246F3FB1008F0252 /* User.swift in Sources */,
				BAA7A4FB2469C86A00DAA463 /* SceneDelegate.swift in Sources */,
			);
			runOnlyForDeploymentPostprocessing = 0;
		};
/* End PBXSourcesBuildPhase section */

/* Begin PBXVariantGroup section */
		BAA7A4FE2469C86A00DAA463 /* Main.storyboard */ = {
			isa = PBXVariantGroup;
			children = (
				BAA7A4FF2469C86A00DAA463 /* Base */,
			);
			name = Main.storyboard;
			sourceTree = "<group>";
		};
		BAA7A5032469C86A00DAA463 /* LaunchScreen.storyboard */ = {
			isa = PBXVariantGroup;
			children = (
				BAA7A5042469C86A00DAA463 /* Base */,
			);
			name = LaunchScreen.storyboard;
			sourceTree = "<group>";
		};
/* End PBXVariantGroup section */

/* Begin XCBuildConfiguration section */
		BAA7A5072469C86A00DAA463 /* Debug */ = {
			isa = XCBuildConfiguration;
			buildSettings = {
				ALWAYS_SEARCH_USER_PATHS = NO;
				CLANG_ANALYZER_NONNULL = YES;
				CLANG_ANALYZER_NUMBER_OBJECT_CONVERSION = YES_AGGRESSIVE;
				CLANG_CXX_LANGUAGE_STANDARD = "gnu++14";
				CLANG_CXX_LIBRARY = "libc++";
				CLANG_ENABLE_MODULES = YES;
				CLANG_ENABLE_OBJC_ARC = YES;
				CLANG_ENABLE_OBJC_WEAK = YES;
				CLANG_WARN_BLOCK_CAPTURE_AUTORELEASING = YES;
				CLANG_WARN_BOOL_CONVERSION = YES;
				CLANG_WARN_COMMA = YES;
				CLANG_WARN_CONSTANT_CONVERSION = YES;
				CLANG_WARN_DEPRECATED_OBJC_IMPLEMENTATIONS = YES;
				CLANG_WARN_DIRECT_OBJC_ISA_USAGE = YES_ERROR;
				CLANG_WARN_DOCUMENTATION_COMMENTS = YES;
				CLANG_WARN_EMPTY_BODY = YES;
				CLANG_WARN_ENUM_CONVERSION = YES;
				CLANG_WARN_INFINITE_RECURSION = YES;
				CLANG_WARN_INT_CONVERSION = YES;
				CLANG_WARN_NON_LITERAL_NULL_CONVERSION = YES;
				CLANG_WARN_OBJC_IMPLICIT_RETAIN_SELF = YES;
				CLANG_WARN_OBJC_LITERAL_CONVERSION = YES;
				CLANG_WARN_OBJC_ROOT_CLASS = YES_ERROR;
				CLANG_WARN_RANGE_LOOP_ANALYSIS = YES;
				CLANG_WARN_STRICT_PROTOTYPES = YES;
				CLANG_WARN_SUSPICIOUS_MOVE = YES;
				CLANG_WARN_UNGUARDED_AVAILABILITY = YES_AGGRESSIVE;
				CLANG_WARN_UNREACHABLE_CODE = YES;
				CLANG_WARN__DUPLICATE_METHOD_MATCH = YES;
				COPY_PHASE_STRIP = NO;
				DEBUG_INFORMATION_FORMAT = dwarf;
				ENABLE_STRICT_OBJC_MSGSEND = YES;
				ENABLE_TESTABILITY = YES;
				GCC_C_LANGUAGE_STANDARD = gnu11;
				GCC_DYNAMIC_NO_PIC = NO;
				GCC_NO_COMMON_BLOCKS = YES;
				GCC_OPTIMIZATION_LEVEL = 0;
				GCC_PREPROCESSOR_DEFINITIONS = (
					"DEBUG=1",
					"$(inherited)",
				);
				GCC_WARN_64_TO_32_BIT_CONVERSION = YES;
				GCC_WARN_ABOUT_RETURN_TYPE = YES_ERROR;
				GCC_WARN_UNDECLARED_SELECTOR = YES;
				GCC_WARN_UNINITIALIZED_AUTOS = YES_AGGRESSIVE;
				GCC_WARN_UNUSED_FUNCTION = YES;
				GCC_WARN_UNUSED_VARIABLE = YES;
				IPHONEOS_DEPLOYMENT_TARGET = 13.2;
				MTL_ENABLE_DEBUG_INFO = INCLUDE_SOURCE;
				MTL_FAST_MATH = YES;
				ONLY_ACTIVE_ARCH = YES;
				SDKROOT = iphoneos;
				SWIFT_ACTIVE_COMPILATION_CONDITIONS = DEBUG;
				SWIFT_OPTIMIZATION_LEVEL = "-Onone";
			};
			name = Debug;
		};
		BAA7A5082469C86A00DAA463 /* Release */ = {
			isa = XCBuildConfiguration;
			buildSettings = {
				ALWAYS_SEARCH_USER_PATHS = NO;
				CLANG_ANALYZER_NONNULL = YES;
				CLANG_ANALYZER_NUMBER_OBJECT_CONVERSION = YES_AGGRESSIVE;
				CLANG_CXX_LANGUAGE_STANDARD = "gnu++14";
				CLANG_CXX_LIBRARY = "libc++";
				CLANG_ENABLE_MODULES = YES;
				CLANG_ENABLE_OBJC_ARC = YES;
				CLANG_ENABLE_OBJC_WEAK = YES;
				CLANG_WARN_BLOCK_CAPTURE_AUTORELEASING = YES;
				CLANG_WARN_BOOL_CONVERSION = YES;
				CLANG_WARN_COMMA = YES;
				CLANG_WARN_CONSTANT_CONVERSION = YES;
				CLANG_WARN_DEPRECATED_OBJC_IMPLEMENTATIONS = YES;
				CLANG_WARN_DIRECT_OBJC_ISA_USAGE = YES_ERROR;
				CLANG_WARN_DOCUMENTATION_COMMENTS = YES;
				CLANG_WARN_EMPTY_BODY = YES;
				CLANG_WARN_ENUM_CONVERSION = YES;
				CLANG_WARN_INFINITE_RECURSION = YES;
				CLANG_WARN_INT_CONVERSION = YES;
				CLANG_WARN_NON_LITERAL_NULL_CONVERSION = YES;
				CLANG_WARN_OBJC_IMPLICIT_RETAIN_SELF = YES;
				CLANG_WARN_OBJC_LITERAL_CONVERSION = YES;
				CLANG_WARN_OBJC_ROOT_CLASS = YES_ERROR;
				CLANG_WARN_RANGE_LOOP_ANALYSIS = YES;
				CLANG_WARN_STRICT_PROTOTYPES = YES;
				CLANG_WARN_SUSPICIOUS_MOVE = YES;
				CLANG_WARN_UNGUARDED_AVAILABILITY = YES_AGGRESSIVE;
				CLANG_WARN_UNREACHABLE_CODE = YES;
				CLANG_WARN__DUPLICATE_METHOD_MATCH = YES;
				COPY_PHASE_STRIP = NO;
				DEBUG_INFORMATION_FORMAT = "dwarf-with-dsym";
				ENABLE_NS_ASSERTIONS = NO;
				ENABLE_STRICT_OBJC_MSGSEND = YES;
				GCC_C_LANGUAGE_STANDARD = gnu11;
				GCC_NO_COMMON_BLOCKS = YES;
				GCC_WARN_64_TO_32_BIT_CONVERSION = YES;
				GCC_WARN_ABOUT_RETURN_TYPE = YES_ERROR;
				GCC_WARN_UNDECLARED_SELECTOR = YES;
				GCC_WARN_UNINITIALIZED_AUTOS = YES_AGGRESSIVE;
				GCC_WARN_UNUSED_FUNCTION = YES;
				GCC_WARN_UNUSED_VARIABLE = YES;
				IPHONEOS_DEPLOYMENT_TARGET = 13.2;
				MTL_ENABLE_DEBUG_INFO = NO;
				MTL_FAST_MATH = YES;
				SDKROOT = iphoneos;
				SWIFT_COMPILATION_MODE = wholemodule;
				SWIFT_OPTIMIZATION_LEVEL = "-O";
				VALIDATE_PRODUCT = YES;
			};
			name = Release;
		};
		BAA7A50A2469C86A00DAA463 /* Debug */ = {
			isa = XCBuildConfiguration;
			baseConfigurationReference = 60EE6780BC0F3101E29A4A59 /* Pods-HaloStats.debug.xcconfig */;
			buildSettings = {
				ASSETCATALOG_COMPILER_APPICON_NAME = AppIcon;
				CODE_SIGN_ENTITLEMENTS = HaloStats/HaloStats.entitlements;
				CODE_SIGN_STYLE = Automatic;
				INFOPLIST_FILE = HaloStats/Info.plist;
				LD_RUNPATH_SEARCH_PATHS = (
					"$(inherited)",
					"@executable_path/Frameworks",
				);
				PRODUCT_BUNDLE_IDENTIFIER = edu.harvard.cs50.HaloStats;
				PRODUCT_NAME = "$(TARGET_NAME)";
				SWIFT_VERSION = 5.0;
				TARGETED_DEVICE_FAMILY = 1;
			};
			name = Debug;
		};
		BAA7A50B2469C86A00DAA463 /* Release */ = {
			isa = XCBuildConfiguration;
			baseConfigurationReference = AB9BDBE43E2B56003D9B1623 /* Pods-HaloStats.release.xcconfig */;
			buildSettings = {
				ASSETCATALOG_COMPILER_APPICON_NAME = AppIcon;
				CODE_SIGN_ENTITLEMENTS = HaloStats/HaloStats.entitlements;
				CODE_SIGN_STYLE = Automatic;
				INFOPLIST_FILE = HaloStats/Info.plist;
				LD_RUNPATH_SEARCH_PATHS = (
					"$(inherited)",
					"@executable_path/Frameworks",
				);
				PRODUCT_BUNDLE_IDENTIFIER = edu.harvard.cs50.HaloStats;
				PRODUCT_NAME = "$(TARGET_NAME)";
				SWIFT_VERSION = 5.0;
				TARGETED_DEVICE_FAMILY = 1;
			};
			name = Release;
		};
/* End XCBuildConfiguration section */

/* Begin XCConfigurationList section */
		BAA7A4F02469C86900DAA463 /* Build configuration list for PBXProject "HaloStats" */ = {
			isa = XCConfigurationList;
			buildConfigurations = (
				BAA7A5072469C86A00DAA463 /* Debug */,
				BAA7A5082469C86A00DAA463 /* Release */,
			);
			defaultConfigurationIsVisible = 0;
			defaultConfigurationName = Release;
		};
		BAA7A5092469C86A00DAA463 /* Build configuration list for PBXNativeTarget "HaloStats" */ = {
			isa = XCConfigurationList;
			buildConfigurations = (
				BAA7A50A2469C86A00DAA463 /* Debug */,
				BAA7A50B2469C86A00DAA463 /* Release */,
			);
			defaultConfigurationIsVisible = 0;
			defaultConfigurationName = Release;
		};
/* End XCConfigurationList section */
	};
	rootObject = BAA7A4ED2469C86900DAA463 /* Project object */;
}
